{
    "_readme": [
        "This file locks the dependencies of your project to a known state",
        "Read more about it at https://getcomposer.org/doc/01-basic-usage.md#composer-lock-the-lock-file",
        "This file is @generated automatically"
    ],
    "hash": "dd887c4176588f65e557be6b26294faf",
    "content-hash": "8ae36e02e4ce8e91666f95400486d2e4",
    "packages": [
        {
            "name": "aura/autoload",
            "version": "2.0.3",
            "source": {
                "type": "git",
                "url": "https://github.com/auraphp/Aura.Autoload.git",
                "reference": "c2a8f5dde204bbed34e194394046f7516eff04c4"
            },
            "dist": {
                "type": "zip",
                "url": "https://api.github.com/repos/auraphp/Aura.Autoload/zipball/c2a8f5dde204bbed34e194394046f7516eff04c4",
                "reference": "c2a8f5dde204bbed34e194394046f7516eff04c4",
                "shasum": ""
            },
            "require": {
                "php": ">=5.3.0"
            },
            "type": "library",
            "extra": {
                "aura": {
                    "type": "library"
                },
                "branch-alias": {
                    "dev-develop-2": "2.0.x-dev"
                }
            },
            "autoload": {
                "psr-4": {
                    "Aura\\Autoload\\": "src/"
                }
            },
            "notification-url": "https://packagist.org/downloads/",
            "license": [
                "BSD-2-Clause"
            ],
            "authors": [
                {
                    "name": "Aura.Autoload Contributors",
                    "homepage": "https://github.com/auraphp/Aura.Autoload/contributors"
                }
            ],
            "description": "Provides a PSR-4 compliant autoloader implementation.",
            "homepage": "https://github.com/auraphp/Aura.Autoload",
            "keywords": [
                "PSR-4",
                "SPL autoloader",
                "autoload",
                "autoloader",
                "class loader"
            ],
            "time": "2015-03-27 19:34:08"
        },
        {
            "name": "dannyvankooten/php-router",
            "version": "dev-master",
            "source": {
                "type": "git",
                "url": "https://github.com/dannyvankooten/PHP-Router.git",
                "reference": "79e6a8c1bf1d5b183d8c535244d1eaa5a0ce246c"
            },
            "dist": {
                "type": "zip",
                "url": "https://api.github.com/repos/dannyvankooten/PHP-Router/zipball/79e6a8c1bf1d5b183d8c535244d1eaa5a0ce246c",
                "reference": "79e6a8c1bf1d5b183d8c535244d1eaa5a0ce246c",
                "shasum": ""
            },
            "require": {
                "php": ">=5.3.0"
            },
            "require-dev": {
                "phpunit/phpunit": "4.8.*",
                "squizlabs/php_codesniffer": "2.*"
            },
            "type": "library",
            "autoload": {
                "psr-0": {
                    "PHPRouter": "src/"
                }
            },
            "notification-url": "https://packagist.org/downloads/",
            "license": [
                "MIT"
            ],
            "authors": [
                {
                    "name": "Danny van Kooten",
                    "email": "dannyvankooten@gmail.com",
                    "homepage": "http://dannyvankooten.com/"
                },
                {
                    "name": "Jefersson Nathan",
                    "email": "malukenho@phpse.net"
                }
            ],
            "description": "Simple PHP Router, supports REST and reverse routing.",
            "homepage": "https://github.com/dannyvankooten/PHP-Router",
            "keywords": [
                "rest",
                "router",
                "routing"
            ],
            "time": "2016-02-10 17:40:02"
        },
        {
            "name": "firebase/php-jwt",
            "version": "v3.0.0",
            "source": {
                "type": "git",
                "url": "https://github.com/firebase/php-jwt.git",
                "reference": "fa8a06e96526eb7c0eeaa47e4f39be59d21f16e1"
            },
            "dist": {
                "type": "zip",
                "url": "https://api.github.com/repos/firebase/php-jwt/zipball/fa8a06e96526eb7c0eeaa47e4f39be59d21f16e1",
                "reference": "fa8a06e96526eb7c0eeaa47e4f39be59d21f16e1",
                "shasum": ""
            },
            "require": {
                "php": ">=5.3.0"
            },
            "type": "library",
            "autoload": {
                "psr-4": {
                    "Firebase\\JWT\\": "src"
                }
            },
            "notification-url": "https://packagist.org/downloads/",
            "license": [
                "BSD-3-Clause"
            ],
            "authors": [
                {
                    "name": "Neuman Vong",
                    "email": "neuman+pear@twilio.com",
                    "role": "Developer"
                },
                {
                    "name": "Anant Narayanan",
                    "email": "anant@php.net",
                    "role": "Developer"
                }
            ],
            "description": "A simple library to encode and decode JSON Web Tokens (JWT) in PHP. Should conform to the current spec.",
            "homepage": "https://github.com/firebase/php-jwt",
            "time": "2015-07-22 18:31:08"
        },
        {
            "name": "firebase/token-generator",
            "version": "v3.0.0",
            "source": {
                "type": "git",
                "url": "https://github.com/firebase/firebase-token-generator-php.git",
                "reference": "60f74f02ae9e0ab498def706bdf43582379086f6"
            },
            "dist": {
                "type": "zip",
                "url": "https://api.github.com/repos/firebase/firebase-token-generator-php/zipball/60f74f02ae9e0ab498def706bdf43582379086f6",
                "reference": "60f74f02ae9e0ab498def706bdf43582379086f6",
                "shasum": ""
            },
            "require": {
                "firebase/php-jwt": "^3.0",
                "php": ">=5.4"
            },
            "require-dev": {
                "phpunit/phpunit": "^4.6.0"
            },
            "type": "library",
            "extra": {
                "branch-alias": {
                    "dev-master": "2.x-dev"
                }
            },
            "autoload": {
                "psr-4": {
                    "Firebase\\Token\\": "src"
                }
            },
            "notification-url": "https://packagist.org/downloads/",
            "license": [
                "MIT"
            ],
            "authors": [
                {
                    "name": "Anant Narayanan",
                    "email": "anant@php.net",
                    "role": "Developer"
                },
                {
                    "name": "Chris Raynor",
                    "email": "chris@firebase.com",
                    "role": "Developer"
                }
            ],
            "description": "A simple library to generate JWT tokens for authenticating to a Firebase.",
            "homepage": "https://github.com/firebase/firebase-token-generator-php",
            "time": "2015-11-19 06:18:40"
        },
        {
            "name": "greg0/lazer-database",
            "version": "1.0.14",
            "source": {
                "type": "git",
                "url": "https://github.com/Greg0/Lazer-Database.git",
                "reference": "735f0e7adceceef269dec4cb7351c3397d557e9c"
            },
            "dist": {
                "type": "zip",
                "url": "https://api.github.com/repos/Greg0/Lazer-Database/zipball/735f0e7adceceef269dec4cb7351c3397d557e9c",
                "reference": "735f0e7adceceef269dec4cb7351c3397d557e9c",
                "shasum": ""
            },
            "require": {
                "php": ">=5.4"
            },
            "type": "library",
            "autoload": {
                "psr-0": {
                    "Lazer\\Classes\\": "src/"
                }
            },
            "notification-url": "https://packagist.org/downloads/",
            "license": [
                "MIT"
            ],
            "authors": [
                {
                    "name": "Grzegorz Kuźnik",
                    "email": "gerg0sz92@gmail.com"
                }
            ],
            "description": "PHP library to use JSON files like flat-file database",
            "homepage": "http://github.com/Greg0/Lazer-Database",
            "keywords": [
                "Simple",
                "database",
                "db",
                "file",
                "flat",
                "json",
                "lazer"
            ],
            "time": "2015-06-16 19:33:54"
        },
        {
            "name": "joshcam/mysqli-database-class",
            "version": "dev-master",
            "source": {
                "type": "git",
                "url": "https://github.com/joshcam/PHP-MySQLi-Database-Class.git",
                "reference": "f724dff81af8262910972e5df5f54728f57118a1"
            },
            "dist": {
                "type": "zip",
                "url": "https://api.github.com/repos/joshcam/PHP-MySQLi-Database-Class/zipball/f724dff81af8262910972e5df5f54728f57118a1",
                "reference": "f724dff81af8262910972e5df5f54728f57118a1",
                "shasum": ""
            },
            "require": {
                "php": ">=5.3.0"
            },
            "type": "library",
            "autoload": {
                "files": [
                    "MysqliDb.php",
                    "dbObject.php"
                ]
            },
            "notification-url": "https://packagist.org/downloads/",
            "license": [
                "GPL-3.0"
            ],
            "authors": [
                {
                    "name": "Josh Campbell",
                    "email": "josh.lee.campbell@gmail.com",
                    "homepage": "https://github.com/joshcam",
                    "role": "Developer"
                },
                {
                    "name": "Alexander V. Butenko",
                    "email": "a.butenka@gmail.com",
                    "homepage": "http://smarttechdo.com",
                    "role": "Developer"
                }
            ],
            "description": "PHP MySQL Wrapper and object mapper which utilizes MySQLi and prepared statements",
            "time": "2016-01-16 16:27:32"
        }
    ],
    "packages-dev": [],
    "aliases": [],
    "minimum-stability": "stable",
    "stability-flags": {
        "dannyvankooten/php-router": 20,
        "joshcam/mysqli-database-class": 20
    },
    "prefer-stable": false,
    "prefer-lowest": false,
    "platform": [],
    "platform-dev": []
}
